
Microsoft Visual Studio Solution File, Format Version 12.00
# Visual Studio Version 16
VisualStudioVersion = 16.0.32106.194
MinimumVisualStudioVersion = 10.0.40219.1
Project("{FAE04EC0-301F-11D3-BF4B-00C04F79EFBC}") = "Livraria", "Livraria\Livraria.csproj", "{62D17E69-AE5A-4E86-BF07-64D124B2F380}"
EndProject
Global
	GlobalSection(SolutionConfigurationPlatforms) = preSolution
		Debug|Any CPU = Debug|Any CPU
		Release|Any CPU = Release|Any CPU
	EndGlobalSection
	GlobalSection(ProjectConfigurationPlatforms) = postSolution
		{62D17E69-AE5A-4E86-BF07-64D124B2F380}.Debug|Any CPU.ActiveCfg = Debug|Any CPU
		{62D17E69-AE5A-4E86-BF07-64D124B2F380}.Debug|Any CPU.Build.0 = Debug|Any CPU
		{62D17E69-AE5A-4E86-BF07-64D124B2F380}.Release|Any CPU.ActiveCfg = Release|Any CPU
		{62D17E69-AE5A-4E86-BF07-64D124B2F380}.Release|Any CPU.Build.0 = Release|Any CPU
	EndGlobalSection
	GlobalSection(SolutionProperties) = preSolution
		HideSolutionNode = FALSE
	EndGlobalSection
	GlobalSection(ExtensibilityGlobals) = postSolution
		SolutionGuid = {7E1CDB0B-7F2A-4C42-B87D-C663BFD464B9}
	EndGlobalSection
EndGlobal
